
Microsoft Visual Studio Solution File, Format Version 12.00
# Visual Studio 15
VisualStudioVersion = 15.0.27130.2003
MinimumVisualStudioVersion = 10.0.40219.1
Project("{9A19103F-16F7-4668-BE54-9A1E7A4F7556}") = "ConstructionDiary", "ConstructionDiary\ConstructionDiary.csproj", "{FA4752EC-B388-4F8D-B583-00DAA8A7AD70}"
EndProject
Project("{9A19103F-16F7-4668-BE54-9A1E7A4F7556}") = "DataLayer", "DataLayer\DataLayer.csproj", "{E8E7440F-710C-4915-8C3C-8B48860CDCE9}"
EndProject
Project("{FAE04EC0-301F-11D3-BF4B-00C04F79EFBC}") = "FunctionalTests", "FunctionalTests\FunctionalTests.csproj", "{B5F83C50-B392-438B-95FB-CA9FBB1BC0BB}"
EndProject
Global
	GlobalSection(SolutionConfigurationPlatforms) = preSolution
		Debug|Any CPU = Debug|Any CPU
		Release|Any CPU = Release|Any CPU
	EndGlobalSection
	GlobalSection(ProjectConfigurationPlatforms) = postSolution
		{FA4752EC-B388-4F8D-B583-00DAA8A7AD70}.Debug|Any CPU.ActiveCfg = Debug|Any CPU
		{FA4752EC-B388-4F8D-B583-00DAA8A7AD70}.Debug|Any CPU.Build.0 = Debug|Any CPU
		{FA4752EC-B388-4F8D-B583-00DAA8A7AD70}.Release|Any CPU.ActiveCfg = Release|Any CPU
		{FA4752EC-B388-4F8D-B583-00DAA8A7AD70}.Release|Any CPU.Build.0 = Release|Any CPU
		{E8E7440F-710C-4915-8C3C-8B48860CDCE9}.Debug|Any CPU.ActiveCfg = Debug|Any CPU
		{E8E7440F-710C-4915-8C3C-8B48860CDCE9}.Debug|Any CPU.Build.0 = Debug|Any CPU
		{E8E7440F-710C-4915-8C3C-8B48860CDCE9}.Release|Any CPU.ActiveCfg = Release|Any CPU
		{E8E7440F-710C-4915-8C3C-8B48860CDCE9}.Release|Any CPU.Build.0 = Release|Any CPU
		{B5F83C50-B392-438B-95FB-CA9FBB1BC0BB}.Debug|Any CPU.ActiveCfg = Debug|Any CPU
		{B5F83C50-B392-438B-95FB-CA9FBB1BC0BB}.Debug|Any CPU.Build.0 = Debug|Any CPU
		{B5F83C50-B392-438B-95FB-CA9FBB1BC0BB}.Release|Any CPU.ActiveCfg = Release|Any CPU
		{B5F83C50-B392-438B-95FB-CA9FBB1BC0BB}.Release|Any CPU.Build.0 = Release|Any CPU
	EndGlobalSection
	GlobalSection(SolutionProperties) = preSolution
		HideSolutionNode = FALSE
	EndGlobalSection
	GlobalSection(ExtensibilityGlobals) = postSolution
		SolutionGuid = {1A72D0CB-A05E-44B6-AA9D-006E174B952E}
	EndGlobalSection
EndGlobal
